
Microsoft Visual Studio Solution File, Format Version 12.00
# Visual Studio 15
VisualStudioVersion = 15.0.27130.2036
MinimumVisualStudioVersion = 10.0.40219.1
Project("{FAE04EC0-301F-11D3-BF4B-00C04F79EFBC}") = "MetadataFieldTest", "MetadataFieldTest\MetadataFieldTest.csproj", "{C2CF48E1-5F57-42AA-B729-CA7A9319645C}"
EndProject
Project("{FAE04EC0-301F-11D3-BF4B-00C04F79EFBC}") = "DocumentItemEvent", "DocumentItemEvent\DocumentItemEvent.csproj", "{DD4F894B-D46A-4013-9371-9E5AE76A4BF1}"
EndProject
Global
	GlobalSection(SolutionConfigurationPlatforms) = preSolution
		Debug|Any CPU = Debug|Any CPU
		Release|Any CPU = Release|Any CPU
	EndGlobalSection
	GlobalSection(ProjectConfigurationPlatforms) = postSolution
		{C2CF48E1-5F57-42AA-B729-CA7A9319645C}.Debug|Any CPU.ActiveCfg = Debug|Any CPU
		{C2CF48E1-5F57-42AA-B729-CA7A9319645C}.Debug|Any CPU.Build.0 = Debug|Any CPU
		{C2CF48E1-5F57-42AA-B729-CA7A9319645C}.Release|Any CPU.ActiveCfg = Release|Any CPU
		{C2CF48E1-5F57-42AA-B729-CA7A9319645C}.Release|Any CPU.Build.0 = Release|Any CPU
		{DD4F894B-D46A-4013-9371-9E5AE76A4BF1}.Debug|Any CPU.ActiveCfg = Debug|Any CPU
		{DD4F894B-D46A-4013-9371-9E5AE76A4BF1}.Debug|Any CPU.Build.0 = Debug|Any CPU
		{DD4F894B-D46A-4013-9371-9E5AE76A4BF1}.Debug|Any CPU.Deploy.0 = Debug|Any CPU
		{DD4F894B-D46A-4013-9371-9E5AE76A4BF1}.Release|Any CPU.ActiveCfg = Release|Any CPU
		{DD4F894B-D46A-4013-9371-9E5AE76A4BF1}.Release|Any CPU.Build.0 = Release|Any CPU
		{DD4F894B-D46A-4013-9371-9E5AE76A4BF1}.Release|Any CPU.Deploy.0 = Release|Any CPU
	EndGlobalSection
	GlobalSection(SolutionProperties) = preSolution
		HideSolutionNode = FALSE
	EndGlobalSection
	GlobalSection(ExtensibilityGlobals) = postSolution
		SolutionGuid = {B0CA8AAB-FFA9-4F9D-B48B-6AA34AB73550}
	EndGlobalSection
EndGlobal
